
Microsoft Visual Studio Solution File, Format Version 12.00
# Visual Studio 15
VisualStudioVersion = 15.0.26730.10
MinimumVisualStudioVersion = 10.0.40219.1
Project("{FAE04EC0-301F-11D3-BF4B-00C04F79EFBC}") = "Boggle", "Boggle\Boggle.csproj", "{76B5B645-4CDE-406E-8C31-B7DF20167C3D}"
EndProject
Project("{FAE04EC0-301F-11D3-BF4B-00C04F79EFBC}") = "DocumentParser", "..\Crawler\DocumentParser\DocumentParser.csproj", "{653ED990-E197-4A5E-B533-3CB2F57204F7}"
EndProject
Global
	GlobalSection(SolutionConfigurationPlatforms) = preSolution
		Debug|Any CPU = Debug|Any CPU
		Release|Any CPU = Release|Any CPU
	EndGlobalSection
	GlobalSection(ProjectConfigurationPlatforms) = postSolution
		{76B5B645-4CDE-406E-8C31-B7DF20167C3D}.Debug|Any CPU.ActiveCfg = Debug|Any CPU
		{76B5B645-4CDE-406E-8C31-B7DF20167C3D}.Debug|Any CPU.Build.0 = Debug|Any CPU
		{76B5B645-4CDE-406E-8C31-B7DF20167C3D}.Release|Any CPU.ActiveCfg = Release|Any CPU
		{76B5B645-4CDE-406E-8C31-B7DF20167C3D}.Release|Any CPU.Build.0 = Release|Any CPU
		{653ED990-E197-4A5E-B533-3CB2F57204F7}.Debug|Any CPU.ActiveCfg = Debug|Any CPU
		{653ED990-E197-4A5E-B533-3CB2F57204F7}.Debug|Any CPU.Build.0 = Debug|Any CPU
		{653ED990-E197-4A5E-B533-3CB2F57204F7}.Release|Any CPU.ActiveCfg = Release|Any CPU
		{653ED990-E197-4A5E-B533-3CB2F57204F7}.Release|Any CPU.Build.0 = Release|Any CPU
	EndGlobalSection
	GlobalSection(SolutionProperties) = preSolution
		HideSolutionNode = FALSE
	EndGlobalSection
	GlobalSection(ExtensibilityGlobals) = postSolution
		SolutionGuid = {380BA886-BFA2-4858-AA30-24EE37EC73D7}
	EndGlobalSection
EndGlobal
